
Microsoft Visual Studio Solution File, Format Version 12.00
# Visual Studio Version 17
VisualStudioVersion = 17.3.32901.215
MinimumVisualStudioVersion = 10.0.40219.1
Project("{FAE04EC0-301F-11D3-BF4B-00C04F79EFBC}") = "GenericsCollections", "GenericsCollections\GenericsCollections.csproj", "{6FBCA3CA-0875-48E1-AA75-5B4ADCD8C09E}"
EndProject
Global
	GlobalSection(SolutionConfigurationPlatforms) = preSolution
		Debug|Any CPU = Debug|Any CPU
		Release|Any CPU = Release|Any CPU
	EndGlobalSection
	GlobalSection(ProjectConfigurationPlatforms) = postSolution
		{6FBCA3CA-0875-48E1-AA75-5B4ADCD8C09E}.Debug|Any CPU.ActiveCfg = Debug|Any CPU
		{6FBCA3CA-0875-48E1-AA75-5B4ADCD8C09E}.Debug|Any CPU.Build.0 = Debug|Any CPU
		{6FBCA3CA-0875-48E1-AA75-5B4ADCD8C09E}.Release|Any CPU.ActiveCfg = Release|Any CPU
		{6FBCA3CA-0875-48E1-AA75-5B4ADCD8C09E}.Release|Any CPU.Build.0 = Release|Any CPU
	EndGlobalSection
	GlobalSection(SolutionProperties) = preSolution
		HideSolutionNode = FALSE
	EndGlobalSection
	GlobalSection(ExtensibilityGlobals) = postSolution
		SolutionGuid = {1ADC0B09-DB06-4656-8795-D98EF6F91837}
	EndGlobalSection
EndGlobal
